
Microsoft Visual Studio Solution File, Format Version 12.00
# Visual Studio Version 16
VisualStudioVersion = 16.0.30011.22
MinimumVisualStudioVersion = 10.0.40219.1
Project("{8BC9CEB8-8B4A-11D0-8D11-00A0C91BC942}") = "core", "libs\metaHDL_core\core.vcxproj", "{89004F05-CA8A-4CAC-BB5E-FEA0DEA12276}"
EndProject
Project("{8BC9CEB8-8B4A-11D0-8D11-00A0C91BC942}") = "uart", "executables\samples\uart\uart.vcxproj", "{F2EC2DBE-9C44-4E34-85AC-2C10987E609E}"
EndProject
Project("{8BC9CEB8-8B4A-11D0-8D11-00A0C91BC942}") = "gameoflife", "executables\samples\gameoflife\gameoflife.vcxproj", "{EBFC52EB-DD72-4707-B54C-6CFE9F8C5D32}"
EndProject
Global
	GlobalSection(SolutionConfigurationPlatforms) = preSolution
		Debug|x64 = Debug|x64
		Debug|x86 = Debug|x86
		Release|x64 = Release|x64
		Release|x86 = Release|x86
	EndGlobalSection
	GlobalSection(ProjectConfigurationPlatforms) = postSolution
		{89004F05-CA8A-4CAC-BB5E-FEA0DEA12276}.Debug|x64.ActiveCfg = Debug|x64
		{89004F05-CA8A-4CAC-BB5E-FEA0DEA12276}.Debug|x64.Build.0 = Debug|x64
		{89004F05-CA8A-4CAC-BB5E-FEA0DEA12276}.Debug|x86.ActiveCfg = Debug|Win32
		{89004F05-CA8A-4CAC-BB5E-FEA0DEA12276}.Debug|x86.Build.0 = Debug|Win32
		{89004F05-CA8A-4CAC-BB5E-FEA0DEA12276}.Release|x64.ActiveCfg = Release|x64
		{89004F05-CA8A-4CAC-BB5E-FEA0DEA12276}.Release|x64.Build.0 = Release|x64
		{89004F05-CA8A-4CAC-BB5E-FEA0DEA12276}.Release|x86.ActiveCfg = Release|Win32
		{89004F05-CA8A-4CAC-BB5E-FEA0DEA12276}.Release|x86.Build.0 = Release|Win32
		{F2EC2DBE-9C44-4E34-85AC-2C10987E609E}.Debug|x64.ActiveCfg = Debug|x64
		{F2EC2DBE-9C44-4E34-85AC-2C10987E609E}.Debug|x64.Build.0 = Debug|x64
		{F2EC2DBE-9C44-4E34-85AC-2C10987E609E}.Debug|x86.ActiveCfg = Debug|Win32
		{F2EC2DBE-9C44-4E34-85AC-2C10987E609E}.Debug|x86.Build.0 = Debug|Win32
		{F2EC2DBE-9C44-4E34-85AC-2C10987E609E}.Release|x64.ActiveCfg = Release|x64
		{F2EC2DBE-9C44-4E34-85AC-2C10987E609E}.Release|x64.Build.0 = Release|x64
		{F2EC2DBE-9C44-4E34-85AC-2C10987E609E}.Release|x86.ActiveCfg = Release|Win32
		{F2EC2DBE-9C44-4E34-85AC-2C10987E609E}.Release|x86.Build.0 = Release|Win32
		{EBFC52EB-DD72-4707-B54C-6CFE9F8C5D32}.Debug|x64.ActiveCfg = Debug|x64
		{EBFC52EB-DD72-4707-B54C-6CFE9F8C5D32}.Debug|x64.Build.0 = Debug|x64
		{EBFC52EB-DD72-4707-B54C-6CFE9F8C5D32}.Debug|x86.ActiveCfg = Debug|Win32
		{EBFC52EB-DD72-4707-B54C-6CFE9F8C5D32}.Debug|x86.Build.0 = Debug|Win32
		{EBFC52EB-DD72-4707-B54C-6CFE9F8C5D32}.Release|x64.ActiveCfg = Release|x64
		{EBFC52EB-DD72-4707-B54C-6CFE9F8C5D32}.Release|x64.Build.0 = Release|x64
		{EBFC52EB-DD72-4707-B54C-6CFE9F8C5D32}.Release|x86.ActiveCfg = Release|Win32
		{EBFC52EB-DD72-4707-B54C-6CFE9F8C5D32}.Release|x86.Build.0 = Release|Win32
	EndGlobalSection
	GlobalSection(SolutionProperties) = preSolution
		HideSolutionNode = FALSE
	EndGlobalSection
	GlobalSection(ExtensibilityGlobals) = postSolution
		SolutionGuid = {EE3D3FC8-1201-47B1-BBD9-3CB0BCF4D001}
	EndGlobalSection
EndGlobal
